
Microsoft Visual Studio Solution File, Format Version 12.00
# Visual Studio Version 17
VisualStudioVersion = 17.14.36127.28 d17.14
MinimumVisualStudioVersion = 10.0.40219.1
Project("{FAE04EC0-301F-11D3-BF4B-00C04F79EFBC}") = "SlashcoSense-VRC-CS-Jpn", "SlashcoSense-VRC-CS-Jpn\SlashcoSense-VRC-CS-Jpn.csproj", "{199020D5-B86F-4984-8EAE-28BCF40A9249}"
EndProject
Global
	GlobalSection(SolutionConfigurationPlatforms) = preSolution
		Debug|Any CPU = Debug|Any CPU
		Release|Any CPU = Release|Any CPU
	EndGlobalSection
	GlobalSection(ProjectConfigurationPlatforms) = postSolution
		{199020D5-B86F-4984-8EAE-28BCF40A9249}.Debug|Any CPU.ActiveCfg = Debug|Any CPU
		{199020D5-B86F-4984-8EAE-28BCF40A9249}.Debug|Any CPU.Build.0 = Debug|Any CPU
		{199020D5-B86F-4984-8EAE-28BCF40A9249}.Release|Any CPU.ActiveCfg = Release|Any CPU
		{199020D5-B86F-4984-8EAE-28BCF40A9249}.Release|Any CPU.Build.0 = Release|Any CPU
	EndGlobalSection
	GlobalSection(SolutionProperties) = preSolution
		HideSolutionNode = FALSE
	EndGlobalSection
	GlobalSection(ExtensibilityGlobals) = postSolution
		SolutionGuid = {841F487A-C466-4B50-95E3-3105D11B426E}
	EndGlobalSection
EndGlobal
